
Microsoft Visual Studio Solution File, Format Version 12.00
# Visual Studio Version 16
VisualStudioVersion = 16.0.32002.261
MinimumVisualStudioVersion = 10.0.40219.1
Project("{FAE04EC0-301F-11D3-BF4B-00C04F79EFBC}") = "ProjectOneTwo", "ProjectOneTwo.csproj", "{7180F578-DA4B-49EF-9BEC-AE4146576AE0}"
EndProject
Global
	GlobalSection(SolutionConfigurationPlatforms) = preSolution
		Debug|Any CPU = Debug|Any CPU
		Release|Any CPU = Release|Any CPU
	EndGlobalSection
	GlobalSection(ProjectConfigurationPlatforms) = postSolution
		{7180F578-DA4B-49EF-9BEC-AE4146576AE0}.Debug|Any CPU.ActiveCfg = Debug|Any CPU
		{7180F578-DA4B-49EF-9BEC-AE4146576AE0}.Debug|Any CPU.Build.0 = Debug|Any CPU
		{7180F578-DA4B-49EF-9BEC-AE4146576AE0}.Release|Any CPU.ActiveCfg = Release|Any CPU
		{7180F578-DA4B-49EF-9BEC-AE4146576AE0}.Release|Any CPU.Build.0 = Release|Any CPU
	EndGlobalSection
	GlobalSection(SolutionProperties) = preSolution
		HideSolutionNode = FALSE
	EndGlobalSection
	GlobalSection(ExtensibilityGlobals) = postSolution
		SolutionGuid = {8D015617-E04D-4897-905F-C1D6D5264EA7}
	EndGlobalSection
EndGlobal
